
Microsoft Visual Studio Solution File, Format Version 12.00
# Visual Studio Version 17
VisualStudioVersion = 17.0.31912.275
MinimumVisualStudioVersion = 10.0.40219.1
Project("{FAE04EC0-301F-11D3-BF4B-00C04F79EFBC}") = "CollectionsExercises", "CollectionsExercises\CollectionsExercises.csproj", "{1F6518A0-821D-4D7A-8968-9BC78E9083A8}"
EndProject
Global
	GlobalSection(SolutionConfigurationPlatforms) = preSolution
		Debug|Any CPU = Debug|Any CPU
		Release|Any CPU = Release|Any CPU
	EndGlobalSection
	GlobalSection(ProjectConfigurationPlatforms) = postSolution
		{1F6518A0-821D-4D7A-8968-9BC78E9083A8}.Debug|Any CPU.ActiveCfg = Debug|Any CPU
		{1F6518A0-821D-4D7A-8968-9BC78E9083A8}.Debug|Any CPU.Build.0 = Debug|Any CPU
		{1F6518A0-821D-4D7A-8968-9BC78E9083A8}.Release|Any CPU.ActiveCfg = Release|Any CPU
		{1F6518A0-821D-4D7A-8968-9BC78E9083A8}.Release|Any CPU.Build.0 = Release|Any CPU
	EndGlobalSection
	GlobalSection(SolutionProperties) = preSolution
		HideSolutionNode = FALSE
	EndGlobalSection
	GlobalSection(ExtensibilityGlobals) = postSolution
		SolutionGuid = {91212FB1-7A2E-40AC-9CF5-BC0CDD22E369}
	EndGlobalSection
EndGlobal
